dependencies:
- name: minio
  repository: oci://registry-1.docker.io/bitnamicharts
  version: 15.0.7
- name: common
  repository: oci://registry-1.docker.io/bitnamicharts
  version: 2.30.0
- name: istio-virtualservice
  repository: s3://giffgaff-charts
  version: 0.1.11
digest: sha256:2bc37d6c4464990eda10caad18abf0c7963678e4833337e4291243e2c5b521b0
generated: "2025-03-27T16:42:38.008994Z"
